<?xml version="1.0" encoding="utf-8"?>
<Project ToolsVersion="4.0" xmlns="http://schemas.microsoft.com/developer/msbuild/2003">
  <ItemGroup>
    <Filter Include="Source Files">
      <UniqueIdentifier>{4FC737F1-C7A5-4376-A066-2A32D752A2FF}</UniqueIdentifier>
      <Extensions>cpp;c;cc;cxx;def;odl;idl;hpj;bat;asm;asmx</Extensions>
    </Filter>
    <Filter Include="Header Files">
      <UniqueIdentifier>{93995380-89BD-4b04-88EB-625FBE52EBFB}</UniqueIdentifier>
      <Extensions>h;hpp;hxx;hm;inl;inc;xsd</Extensions>
    </Filter>
    <Filter Include="Resource Files">
      <UniqueIdentifier>{67DA6AB6-F800-4c08-8B7A-83BB121AAD01}</UniqueIdentifier>
      <Extensions>rc;ico;cur;bmp;dlg;rc2;rct;bin;rgs;gif;jpg;jpeg;jpe;resx;tiff;tif;png;wav;mfcribbon-ms</Extensions>
    </Filter>
    <Filter Include="Source Files\Ogre">
      <UniqueIdentifier>{25def80c-83b4-459e-a28b-f95c5617c845}</UniqueIdentifier>
    </Filter>
    <Filter Include="Header Files\Ogre">
      <UniqueIdentifier>{bee5fb81-da3b-4e2d-9820-369bcfb53fb3}</UniqueIdentifier>
    </Filter>
    <Filter Include="Header Files\Ogre\appstate">
      <UniqueIdentifier>{609331a7-22ce-48f1-92ce-a980e5e19299}</UniqueIdentifier>
    </Filter>
    <Filter Include="Source Files\Ogre\appstate">
      <UniqueIdentifier>{50abe39d-cea6-4d0a-bf3c-c4f0c14b9560}</UniqueIdentifier>
    </Filter>
    <Filter Include="Header Files\Ogre\dsgame">
      <UniqueIdentifier>{46105552-1182-41b8-a93f-9bb30179bb07}</UniqueIdentifier>
    </Filter>
    <Filter Include="Header Files\Ogre\util">
      <UniqueIdentifier>{56204369-6b25-4da3-af8f-863bd8b9a9a0}</UniqueIdentifier>
    </Filter>
    <Filter Include="Source Files\Ogre\util">
      <UniqueIdentifier>{3f13550f-3ed4-4a5a-8cf2-c4deeb774794}</UniqueIdentifier>
    </Filter>
    <Filter Include="Source Files\Ogre\dsgame">
      <UniqueIdentifier>{5a23e4d9-a9a0-46e4-97f9-aebe75d7d994}</UniqueIdentifier>
    </Filter>
    <Filter Include="Header Files\Ogre\dsgame\Enemies">
      <UniqueIdentifier>{ffdc8d20-2e14-42ab-ac99-1cf9ef79c117}</UniqueIdentifier>
    </Filter>
    <Filter Include="Header Files\Ogre\dsgame\Enemies\NormalOgre">
      <UniqueIdentifier>{57695f0d-5c33-4f52-b724-93789eed4fc8}</UniqueIdentifier>
    </Filter>
    <Filter Include="Source Files\Ogre\dsgame\Enemies">
      <UniqueIdentifier>{f31c4683-44df-42e9-aec7-3331844d8fe3}</UniqueIdentifier>
    </Filter>
  </ItemGroup>
  <ItemGroup>
    <ClCompile Include="..\src\main.cpp">
      <Filter>Source Files</Filter>
    </ClCompile>
    <ClCompile Include="..\src\DungeonsSecretsApp.cpp">
      <Filter>Source Files\Ogre</Filter>
    </ClCompile>
    <ClCompile Include="..\dependencies\OgreFramework.cpp">
      <Filter>Source Files\Ogre</Filter>
    </ClCompile>
    <ClCompile Include="..\dependencies\AppStateManager.cpp">
      <Filter>Source Files\Ogre</Filter>
    </ClCompile>
    <ClCompile Include="..\src\appstate\GameState.cpp">
      <Filter>Source Files\Ogre\appstate</Filter>
    </ClCompile>
    <ClCompile Include="..\dependencies\DotSceneLoader.cpp">
      <Filter>Header Files\Ogre</Filter>
    </ClCompile>
    <ClCompile Include="..\src\util\ViewPointsGraph.cpp">
      <Filter>Source Files\Ogre\util</Filter>
    </ClCompile>
    <ClCompile Include="..\src\dsgame\GameUnit.cpp">
      <Filter>Source Files\Ogre\dsgame</Filter>
    </ClCompile>
    <ClCompile Include="..\src\dsgame\HeroUnit.cpp">
      <Filter>Source Files\Ogre\dsgame</Filter>
    </ClCompile>
    <ClCompile Include="..\src\dsgame\Enemies\FSM.cpp">
      <Filter>Source Files\Ogre\dsgame\Enemies</Filter>
    </ClCompile>
    <ClCompile Include="..\src\dsgame\Enemies\NPCUnit.cpp">
      <Filter>Source Files\Ogre\dsgame</Filter>
    </ClCompile>
  </ItemGroup>
  <ItemGroup>
    <ClInclude Include="..\include\DungeonsSecretsApp.h">
      <Filter>Header Files\Ogre</Filter>
    </ClInclude>
    <ClInclude Include="..\dependencies\OgreFramework.hpp">
      <Filter>Header Files\Ogre</Filter>
    </ClInclude>
    <ClInclude Include="..\dependencies\AppStateManager.hpp">
      <Filter>Header Files\Ogre</Filter>
    </ClInclude>
    <ClInclude Include="..\dependencies\AppState.hpp">
      <Filter>Header Files\Ogre</Filter>
    </ClInclude>
    <ClInclude Include="..\include\appstate\GameState.h">
      <Filter>Header Files\Ogre\appstate</Filter>
    </ClInclude>
    <ClInclude Include="..\dependencies\DotSceneLoader.hpp">
      <Filter>Header Files\Ogre</Filter>
    </ClInclude>
    <ClInclude Include="..\dependencies\rapidxml.hpp">
      <Filter>Header Files\Ogre</Filter>
    </ClInclude>
    <ClInclude Include="..\include\dsgame\GameUnit.hpp">
      <Filter>Header Files\Ogre\dsgame</Filter>
    </ClInclude>
    <ClInclude Include="..\include\dsgame\HeroUnit.hpp">
      <Filter>Header Files\Ogre\dsgame</Filter>
    </ClInclude>
    <ClInclude Include="..\include\util\ViewPointsGraph.h">
      <Filter>Header Files\Ogre\util</Filter>
    </ClInclude>
    <ClInclude Include="..\include\util\util.hpp">
      <Filter>Header Files\Ogre\util</Filter>
    </ClInclude>
    <ClInclude Include="..\include\macros.h">
      <Filter>Header Files\Ogre</Filter>
    </ClInclude>
    <ClInclude Include="..\include\dsgame\Enemies\NPCUnit.hpp">
      <Filter>Header Files\Ogre\dsgame\Enemies</Filter>
    </ClInclude>
    <ClInclude Include="..\include\dsgame\Enemies\FSM.hpp">
      <Filter>Header Files\Ogre\dsgame\Enemies</Filter>
    </ClInclude>
    <ClInclude Include="..\include\dsgame\Enemies\FSMFactory.hpp">
      <Filter>Header Files\Ogre\dsgame\Enemies</Filter>
    </ClInclude>
    <ClInclude Include="..\include\dsgame\Enemies\NormalOgre\NormalOgreFSM.hpp">
      <Filter>Header Files\Ogre\dsgame\Enemies\NormalOgre</Filter>
    </ClInclude>
    <ClInclude Include="..\include\dsgame\Enemies\NormalOgre\NormalOgreUnit.hpp">
      <Filter>Header Files\Ogre\dsgame\Enemies\NormalOgre</Filter>
    </ClInclude>
    <ClInclude Include="..\include\dsgame\Enemies\FSMState.hpp">
      <Filter>Header Files\Ogre\dsgame\Enemies</Filter>
    </ClInclude>
  </ItemGroup>
</Project>